
Microsoft Visual Studio Solution File, Format Version 12.00
# Visual Studio 14
VisualStudioVersion = 14.0.25123.0
MinimumVisualStudioVersion = 10.0.40219.1
Project("{FAE04EC0-301F-11D3-BF4B-00C04F79EFBC}") = "BA_Calculator", "BA_Calculator.csproj", "{283908E0-771D-4D23-9900-5E3CC58AA0A0}"
EndProject
Project("{FAE04EC0-301F-11D3-BF4B-00C04F79EFBC}") = "BA_CalculatorTests", "..\BA_CalculatorTests\BA_CalculatorTests.csproj", "{BAC86726-EE4A-4BDF-8B3B-97784204F53C}"
EndProject
Global
	GlobalSection(SolutionConfigurationPlatforms) = preSolution
		Debug|Any CPU = Debug|Any CPU
		Debug|x86 = Debug|x86
		Release|Any CPU = Release|Any CPU
		Release|x86 = Release|x86
	EndGlobalSection
	GlobalSection(ProjectConfigurationPlatforms) = postSolution
		{283908E0-771D-4D23-9900-5E3CC58AA0A0}.Debug|Any CPU.ActiveCfg = Debug|Any CPU
		{283908E0-771D-4D23-9900-5E3CC58AA0A0}.Debug|Any CPU.Build.0 = Debug|Any CPU
		{283908E0-771D-4D23-9900-5E3CC58AA0A0}.Debug|x86.ActiveCfg = Debug|x86
		{283908E0-771D-4D23-9900-5E3CC58AA0A0}.Debug|x86.Build.0 = Debug|x86
		{283908E0-771D-4D23-9900-5E3CC58AA0A0}.Release|Any CPU.ActiveCfg = Release|Any CPU
		{283908E0-771D-4D23-9900-5E3CC58AA0A0}.Release|Any CPU.Build.0 = Release|Any CPU
		{283908E0-771D-4D23-9900-5E3CC58AA0A0}.Release|x86.ActiveCfg = Release|x86
		{283908E0-771D-4D23-9900-5E3CC58AA0A0}.Release|x86.Build.0 = Release|x86
		{BAC86726-EE4A-4BDF-8B3B-97784204F53C}.Debug|Any CPU.ActiveCfg = Debug|Any CPU
		{BAC86726-EE4A-4BDF-8B3B-97784204F53C}.Debug|Any CPU.Build.0 = Debug|Any CPU
		{BAC86726-EE4A-4BDF-8B3B-97784204F53C}.Debug|x86.ActiveCfg = Debug|Any CPU
		{BAC86726-EE4A-4BDF-8B3B-97784204F53C}.Debug|x86.Build.0 = Debug|Any CPU
		{BAC86726-EE4A-4BDF-8B3B-97784204F53C}.Release|Any CPU.ActiveCfg = Release|Any CPU
		{BAC86726-EE4A-4BDF-8B3B-97784204F53C}.Release|Any CPU.Build.0 = Release|Any CPU
		{BAC86726-EE4A-4BDF-8B3B-97784204F53C}.Release|x86.ActiveCfg = Release|Any CPU
		{BAC86726-EE4A-4BDF-8B3B-97784204F53C}.Release|x86.Build.0 = Release|Any CPU
	EndGlobalSection
	GlobalSection(SolutionProperties) = preSolution
		HideSolutionNode = FALSE
	EndGlobalSection
EndGlobal
